<?xml version="1.0" encoding="utf-8"?>
<Project ToolsVersion="4.0" xmlns="http://schemas.microsoft.com/developer/msbuild/2003">
  <ItemGroup>
    <Filter Include="Source Files">
      <UniqueIdentifier>{4FC737F1-C7A5-4376-A066-2A32D752A2FF}</UniqueIdentifier>
      <Extensions>cpp;c;cc;cxx;c++;cppm;ixx;def;odl;idl;hpj;bat;asm;asmx</Extensions>
    </Filter>
    <Filter Include="Header Files">
      <UniqueIdentifier>{93995380-89BD-4b04-88EB-625FBE52EBFB}</UniqueIdentifier>
      <Extensions>h;hh;hpp;hxx;h++;hm;inl;inc;ipp;xsd</Extensions>
    </Filter>
    <Filter Include="Resource Files">
      <UniqueIdentifier>{67DA6AB6-F800-4c08-8B7A-83BB121AAD01}</UniqueIdentifier>
      <Extensions>rc;ico;cur;bmp;dlg;rc2;rct;bin;rgs;gif;jpg;jpeg;jpe;resx;tiff;tif;png;wav;mfcribbon-ms</Extensions>
    </Filter>
    <Filter Include="Source Files\Mock">
      <UniqueIdentifier>{d06c8bf8-b9be-4430-b7de-39b48d52cba4}</UniqueIdentifier>
    </Filter>
    <Filter Include="Source Files\Test">
      <UniqueIdentifier>{c60877fe-2b6d-40d2-932e-e4e2d0d3b090}</UniqueIdentifier>
    </Filter>
    <Filter Include="Source Files\Src">
      <UniqueIdentifier>{b046c9a8-2d7b-4a9e-a9a7-6e0742eba363}</UniqueIdentifier>
    </Filter>
  </ItemGroup>
  <ItemGroup>
    <ClCompile Include="DataBaseConnectMock.cpp">
      <Filter>Source Files\Mock</Filter>
    </ClCompile>
    <ClCompile Include="DataBaseConnect.cpp">
      <Filter>Source Files\Src</Filter>
    </ClCompile>
    <ClCompile Include="MyDatabase.cpp">
      <Filter>Source Files\Src</Filter>
    </ClCompile>
    <ClCompile Include="Main.cpp">
      <Filter>Source Files</Filter>
    </ClCompile>
    <ClCompile Include="MyDatabaseTest.cpp">
      <Filter>Source Files\Test</Filter>
    </ClCompile>
  </ItemGroup>
  <ItemGroup>
    <ClInclude Include="DataBaseConnect.h">
      <Filter>Header Files</Filter>
    </ClInclude>
    <ClInclude Include="MyDatabase.h">
      <Filter>Header Files</Filter>
    </ClInclude>
  </ItemGroup>
  <ItemGroup>
    <None Include="packages.config" />
  </ItemGroup>
</Project>